
Microsoft Visual Studio Solution File, Format Version 12.00
# Visual Studio Version 17
VisualStudioVersion = 17.10.34928.147
MinimumVisualStudioVersion = 10.0.40219.1
Project("{FAE04EC0-301F-11D3-BF4B-00C04F79EFBC}") = "01_MainSubjects", "01_MainSubjects\01_MainSubjects.csproj", "{8CB77545-8E5B-4EC2-AE2A-DCF77E49AF1C}"
EndProject
Project("{FAE04EC0-301F-11D3-BF4B-00C04F79EFBC}") = "02_Veriables", "02_Veriables\02_Veriables.csproj", "{A803FE65-B748-4E16-A409-BC3DCAA2A746}"
EndProject
Project("{FAE04EC0-301F-11D3-BF4B-00C04F79EFBC}") = "03_MakingDecision", "03_MakingDecision\03_MakingDecision.csproj", "{7853FE63-8133-4CCF-84A1-F5736C701241}"
EndProject
Project("{FAE04EC0-301F-11D3-BF4B-00C04F79EFBC}") = "04_Loops", "04_Loops\04_Loops.csproj", "{35B1C29F-420E-4EFF-9ED3-E6CCE7BCA94A}"
EndProject
Project("{FAE04EC0-301F-11D3-BF4B-00C04F79EFBC}") = "05_LoopsWithStars", "05_LoopsWithStars\05_LoopsWithStars.csproj", "{610D825A-EC2D-4521-942E-6DB3E09D8FCA}"
EndProject
Project("{FAE04EC0-301F-11D3-BF4B-00C04F79EFBC}") = "06_Arrays", "06_Arrays\06_Arrays.csproj", "{DC098DB6-2F9E-453D-AFE7-B8687BF69657}"
EndProject
Project("{FAE04EC0-301F-11D3-BF4B-00C04F79EFBC}") = "07_ForeachLoop", "07_ForeachLoop\07_ForeachLoop.csproj", "{ACDB3A59-A11A-4CF8-B1FA-0199E73692A8}"
EndProject
Project("{FAE04EC0-301F-11D3-BF4B-00C04F79EFBC}") = "08_Methods", "08_Methods\08_Methods.csproj", "{B64D1865-41D8-40E9-9DC1-A4DAFE1C56DB}"
EndProject
Global
	GlobalSection(SolutionConfigurationPlatforms) = preSolution
		Debug|Any CPU = Debug|Any CPU
		Release|Any CPU = Release|Any CPU
	EndGlobalSection
	GlobalSection(ProjectConfigurationPlatforms) = postSolution
		{8CB77545-8E5B-4EC2-AE2A-DCF77E49AF1C}.Debug|Any CPU.ActiveCfg = Debug|Any CPU
		{8CB77545-8E5B-4EC2-AE2A-DCF77E49AF1C}.Debug|Any CPU.Build.0 = Debug|Any CPU
		{8CB77545-8E5B-4EC2-AE2A-DCF77E49AF1C}.Release|Any CPU.ActiveCfg = Release|Any CPU
		{8CB77545-8E5B-4EC2-AE2A-DCF77E49AF1C}.Release|Any CPU.Build.0 = Release|Any CPU
		{A803FE65-B748-4E16-A409-BC3DCAA2A746}.Debug|Any CPU.ActiveCfg = Debug|Any CPU
		{A803FE65-B748-4E16-A409-BC3DCAA2A746}.Debug|Any CPU.Build.0 = Debug|Any CPU
		{A803FE65-B748-4E16-A409-BC3DCAA2A746}.Release|Any CPU.ActiveCfg = Release|Any CPU
		{A803FE65-B748-4E16-A409-BC3DCAA2A746}.Release|Any CPU.Build.0 = Release|Any CPU
		{7853FE63-8133-4CCF-84A1-F5736C701241}.Debug|Any CPU.ActiveCfg = Debug|Any CPU
		{7853FE63-8133-4CCF-84A1-F5736C701241}.Debug|Any CPU.Build.0 = Debug|Any CPU
		{7853FE63-8133-4CCF-84A1-F5736C701241}.Release|Any CPU.ActiveCfg = Release|Any CPU
		{7853FE63-8133-4CCF-84A1-F5736C701241}.Release|Any CPU.Build.0 = Release|Any CPU
		{35B1C29F-420E-4EFF-9ED3-E6CCE7BCA94A}.Debug|Any CPU.ActiveCfg = Debug|Any CPU
		{35B1C29F-420E-4EFF-9ED3-E6CCE7BCA94A}.Debug|Any CPU.Build.0 = Debug|Any CPU
		{35B1C29F-420E-4EFF-9ED3-E6CCE7BCA94A}.Release|Any CPU.ActiveCfg = Release|Any CPU
		{35B1C29F-420E-4EFF-9ED3-E6CCE7BCA94A}.Release|Any CPU.Build.0 = Release|Any CPU
		{610D825A-EC2D-4521-942E-6DB3E09D8FCA}.Debug|Any CPU.ActiveCfg = Debug|Any CPU
		{610D825A-EC2D-4521-942E-6DB3E09D8FCA}.Debug|Any CPU.Build.0 = Debug|Any CPU
		{610D825A-EC2D-4521-942E-6DB3E09D8FCA}.Release|Any CPU.ActiveCfg = Release|Any CPU
		{610D825A-EC2D-4521-942E-6DB3E09D8FCA}.Release|Any CPU.Build.0 = Release|Any CPU
		{DC098DB6-2F9E-453D-AFE7-B8687BF69657}.Debug|Any CPU.ActiveCfg = Debug|Any CPU
		{DC098DB6-2F9E-453D-AFE7-B8687BF69657}.Debug|Any CPU.Build.0 = Debug|Any CPU
		{DC098DB6-2F9E-453D-AFE7-B8687BF69657}.Release|Any CPU.ActiveCfg = Release|Any CPU
		{DC098DB6-2F9E-453D-AFE7-B8687BF69657}.Release|Any CPU.Build.0 = Release|Any CPU
		{ACDB3A59-A11A-4CF8-B1FA-0199E73692A8}.Debug|Any CPU.ActiveCfg = Debug|Any CPU
		{ACDB3A59-A11A-4CF8-B1FA-0199E73692A8}.Debug|Any CPU.Build.0 = Debug|Any CPU
		{ACDB3A59-A11A-4CF8-B1FA-0199E73692A8}.Release|Any CPU.ActiveCfg = Release|Any CPU
		{ACDB3A59-A11A-4CF8-B1FA-0199E73692A8}.Release|Any CPU.Build.0 = Release|Any CPU
		{B64D1865-41D8-40E9-9DC1-A4DAFE1C56DB}.Debug|Any CPU.ActiveCfg = Debug|Any CPU
		{B64D1865-41D8-40E9-9DC1-A4DAFE1C56DB}.Debug|Any CPU.Build.0 = Debug|Any CPU
		{B64D1865-41D8-40E9-9DC1-A4DAFE1C56DB}.Release|Any CPU.ActiveCfg = Release|Any CPU
		{B64D1865-41D8-40E9-9DC1-A4DAFE1C56DB}.Release|Any CPU.Build.0 = Release|Any CPU
	EndGlobalSection
	GlobalSection(SolutionProperties) = preSolution
		HideSolutionNode = FALSE
	EndGlobalSection
	GlobalSection(ExtensibilityGlobals) = postSolution
		SolutionGuid = {4602029F-5C84-4CA9-865A-72B40776E574}
	EndGlobalSection
EndGlobal
